
Microsoft Visual Studio Solution File, Format Version 12.00
# Visual Studio Version 17
VisualStudioVersion = 17.3.32825.248
MinimumVisualStudioVersion = 10.0.40219.1
Project("{FAE04EC0-301F-11D3-BF4B-00C04F79EFBC}") = "InvestmentService", "InvestmentService\InvestmentService.csproj", "{FD324A1F-F356-492D-841E-72DACD5D622E}"
EndProject
Project("{FAE04EC0-301F-11D3-BF4B-00C04F79EFBC}") = "InvestmentService.Core", "InvestmentService.Core\InvestmentService.Core.csproj", "{B9A186D5-D695-43D8-8177-331C18A346DA}"
EndProject
Project("{FAE04EC0-301F-11D3-BF4B-00C04F79EFBC}") = "InvestmentService.DataAccess", "InvestmentService.DataAccess\InvestmentService.DataAccess.csproj", "{51D81DC3-117B-4255-A2DB-E0E3FDEBE42B}"
EndProject
Global
	GlobalSection(SolutionConfigurationPlatforms) = preSolution
		Debug|Any CPU = Debug|Any CPU
		Release|Any CPU = Release|Any CPU
	EndGlobalSection
	GlobalSection(ProjectConfigurationPlatforms) = postSolution
		{FD324A1F-F356-492D-841E-72DACD5D622E}.Debug|Any CPU.ActiveCfg = Debug|Any CPU
		{FD324A1F-F356-492D-841E-72DACD5D622E}.Debug|Any CPU.Build.0 = Debug|Any CPU
		{FD324A1F-F356-492D-841E-72DACD5D622E}.Release|Any CPU.ActiveCfg = Release|Any CPU
		{FD324A1F-F356-492D-841E-72DACD5D622E}.Release|Any CPU.Build.0 = Release|Any CPU
		{B9A186D5-D695-43D8-8177-331C18A346DA}.Debug|Any CPU.ActiveCfg = Debug|Any CPU
		{B9A186D5-D695-43D8-8177-331C18A346DA}.Debug|Any CPU.Build.0 = Debug|Any CPU
		{B9A186D5-D695-43D8-8177-331C18A346DA}.Release|Any CPU.ActiveCfg = Release|Any CPU
		{B9A186D5-D695-43D8-8177-331C18A346DA}.Release|Any CPU.Build.0 = Release|Any CPU
		{51D81DC3-117B-4255-A2DB-E0E3FDEBE42B}.Debug|Any CPU.ActiveCfg = Debug|Any CPU
		{51D81DC3-117B-4255-A2DB-E0E3FDEBE42B}.Debug|Any CPU.Build.0 = Debug|Any CPU
		{51D81DC3-117B-4255-A2DB-E0E3FDEBE42B}.Release|Any CPU.ActiveCfg = Release|Any CPU
		{51D81DC3-117B-4255-A2DB-E0E3FDEBE42B}.Release|Any CPU.Build.0 = Release|Any CPU
	EndGlobalSection
	GlobalSection(SolutionProperties) = preSolution
		HideSolutionNode = FALSE
	EndGlobalSection
	GlobalSection(ExtensibilityGlobals) = postSolution
		SolutionGuid = {E2ADD147-5AB1-48D7-BDA9-F52508E0C76D}
	EndGlobalSection
EndGlobal
